{
  "version": 4,
  "terraform_version": "1.3.3",
  "serial": 8,
  "lineage": "9194ad98-bae4-1413-dc18-adfac02d4935",
  "outputs": {},
  "resources": [
    {
      "mode": "managed",
      "type": "clickhouse_service",
      "name": "service",
      "provider": "provider[\"clickhouse.cloud/terraform/clickhouse\"]",
      "instances": [
        {
          "schema_version": 0,
          "attributes": {
            "cloud_provider": "aws",
            "id": "9718f50b-a1fc-451f-b753-9132c36735e7",
            "idle_scaling": true,
            "idle_timeout_minutes": 5,
            "ip_access": [
              {
                "description": "Test IP",
                "source": "192.168.2.63"
              }
            ],
            "max_total_memory_gb": 360,
            "min_total_memory_gb": 24,
            "name": "My Service New Name",
            "region": "us-east-1",
            "tier": "production"
          },
          "sensitive_attributes": [],
          "private": "bnVsbA=="
        }
      ]
    }
  ],
  "check_results": []
}
